
Microsoft Visual Studio Solution File, Format Version 12.00
# Visual Studio 15
VisualStudioVersion = 15.0.28306.52
MinimumVisualStudioVersion = 10.0.40219.1
Project("{FAE04EC0-301F-11D3-BF4B-00C04F79EFBC}") = "RestaurantRater_MVC", "RestaurantRater_MVC\RestaurantRater_MVC.csproj", "{9EAC2C28-C1F3-4BD1-89EA-5D130046EEB5}"
EndProject
Global
	GlobalSection(SolutionConfigurationPlatforms) = preSolution
		Debug|Any CPU = Debug|Any CPU
		Release|Any CPU = Release|Any CPU
	EndGlobalSection
	GlobalSection(ProjectConfigurationPlatforms) = postSolution
		{9EAC2C28-C1F3-4BD1-89EA-5D130046EEB5}.Debug|Any CPU.ActiveCfg = Debug|Any CPU
		{9EAC2C28-C1F3-4BD1-89EA-5D130046EEB5}.Debug|Any CPU.Build.0 = Debug|Any CPU
		{9EAC2C28-C1F3-4BD1-89EA-5D130046EEB5}.Release|Any CPU.ActiveCfg = Release|Any CPU
		{9EAC2C28-C1F3-4BD1-89EA-5D130046EEB5}.Release|Any CPU.Build.0 = Release|Any CPU
	EndGlobalSection
	GlobalSection(SolutionProperties) = preSolution
		HideSolutionNode = FALSE
	EndGlobalSection
	GlobalSection(ExtensibilityGlobals) = postSolution
		SolutionGuid = {333C9553-F2A1-4E07-8C8C-6374FD7345C7}
	EndGlobalSection
EndGlobal
